{"version":4,"terraform_version":"1.11.5","serial":437,"lineage":"2b33d577-d0cb-61ba-6bf3-bf1277ee4361","outputs":{},"resources":[{"mode":"data","type":"google_client_openid_userinfo","name":"me","provider":"provider[\"registry.opentofu.org/hashicorp/google\"]","instances":[{"schema_version":0,"attributes":{"email":"roldernet@gmail.com","id":"roldernet@gmail.com"},"sensitive_attributes":[]}]},{"mode":"managed","type":"cloudflare_dns_record","name":"dns","provider":"provider[\"registry.opentofu.org/cloudflare/cloudflare\"]","instances":[{"index_key":"helsinki","schema_version":0,"attributes":{"comment":"helsinki terraform record","comment_modified_on":"2026-03-04T16:44:30Z","content":"34.88.241.59","created_on":"2026-03-04T16:44:30Z","data":null,"id":"34f0f71b7ca5957e236c191841975758","meta":"{}","modified_on":"2026-03-04T16:44:30Z","name":"fi.rolder.net","priority":null,"proxiable":true,"proxied":false,"settings":{"flatten_cname":null,"ipv4_only":null,"ipv6_only":null},"tags":[],"tags_modified_on":null,"ttl":1,"type":"A","zone_id":"5780cf13c74a1ca4e6297cfcf3531e4f"},"sensitive_attributes":[],"dependencies":["google_compute_instance.helsinki","google_compute_instance.helsinkiStandard","google_compute_instance.remnapanel","google_compute_instance.sibeerskaya"]},{"index_key":"helsinkiStandard","schema_version":0,"attributes":{"comment":"helsinkiStandard terraform record","comment_modified_on":"2026-03-05T09:25:56Z","content":"35.217.5.152","created_on":"2026-03-05T09:25:56Z","data":null,"id":"70b25af8206a209fd53c6c39fb736de7","meta":"{}","modified_on":"2026-03-05T10:40:51Z","name":"fistandard","priority":null,"proxiable":true,"proxied":false,"settings":{"flatten_cname":null,"ipv4_only":null,"ipv6_only":null},"tags":[],"tags_modified_on":null,"ttl":1,"type":"A","zone_id":"5780cf13c74a1ca4e6297cfcf3531e4f"},"sensitive_attributes":[],"dependencies":["google_compute_instance.helsinki","google_compute_instance.helsinkiStandard","google_compute_instance.remnapanel","google_compute_instance.sibeerskaya"]},{"index_key":"panel","schema_version":0,"attributes":{"comment":"panel terraform record","comment_modified_on":"2026-03-04T16:44:30Z","content":"34.2.52.207","created_on":"2026-03-04T16:44:30Z","data":null,"id":"7a5f13ffe96ffaba21948c66469ebb68","meta":"{}","modified_on":"2026-03-04T16:44:30Z","name":"rolder.net","priority":null,"proxiable":true,"proxied":false,"settings":{"flatten_cname":null,"ipv4_only":null,"ipv6_only":null},"tags":[],"tags_modified_on":null,"ttl":1,"type":"A","zone_id":"5780cf13c74a1ca4e6297cfcf3531e4f"},"sensitive_attributes":[],"dependencies":["google_compute_instance.helsinki","google_compute_instance.helsinkiStandard","google_compute_instance.remnapanel","google_compute_instance.sibeerskaya"]},{"index_key":"sibeerskaya","schema_version":0,"attributes":{"comment":"sibeerskaya terraform record","comment_modified_on":"2026-03-04T16:44:30Z","content":"35.217.45.57","created_on":"2026-03-04T16:44:30Z","data":null,"id":"ecf063702a0d2b9835abb8e2730eb8e4","meta":"{}","modified_on":"2026-03-04T16:44:30Z","name":"sibeerskaya.rolder.net","priority":null,"proxiable":true,"proxied":false,"settings":{"flatten_cname":null,"ipv4_only":null,"ipv6_only":null},"tags":[],"tags_modified_on":null,"ttl":1,"type":"A","zone_id":"5780cf13c74a1ca4e6297cfcf3531e4f"},"sensitive_attributes":[],"dependencies":["google_compute_instance.helsinki","google_compute_instance.helsinkiStandard","google_compute_instance.remnapanel","google_compute_instance.sibeerskaya"]}]},{"mode":"managed","type":"google_compute_firewall","name":"remna","provider":"provider[\"registry.opentofu.org/hashicorp/google\"]","instances":[{"schema_version":1,"attributes":{"allow":[{"ports":["2222","4444","443","3000"],"protocol":"tcp"}],"creation_timestamp":"2025-10-04T03:51:37.126-07:00","deny":[],"description":"","destination_ranges":[],"direction":"INGRESS","disabled":false,"enable_logging":null,"id":"projects/rolder-474107/global/firewalls/remna","log_config":[],"name":"remna","network":"https://www.googleapis.com/compute/v1/projects/rolder-474107/global/networks/default","params":[],"priority":1000,"project":"rolder-474107","self_link":"https://www.googleapis.com/compute/v1/projects/rolder-474107/global/firewalls/remna","source_ranges":["0.0.0.0/0"],"source_service_accounts":[],"source_tags":[],"target_service_accounts":[],"target_tags":[],"timeouts":null},"sensitive_attributes":[],"private":"eyJlMmJmYjczMC1lY2FhLTExZTYtOGY4OC0zNDM2M2JjN2M0YzAiOnsiY3JlYXRlIjoxMjAwMDAwMDAwMDAwLCJkZWxldGUiOjEyMDAwMDAwMDAwMDAsInVwZGF0ZSI6MTIwMDAwMDAwMDAwMH0sInNjaGVtYV92ZXJzaW9uIjoiMSJ9"}]},{"mode":"managed","type":"google_compute_instance","name":"helsinki","provider":"provider[\"registry.opentofu.org/hashicorp/google\"]","instances":[{"schema_version":6,"attributes":{"advanced_machine_features":[],"allow_stopping_for_update":true,"attached_disk":[],"boot_disk":[{"auto_delete":true,"device_name":"persistent-disk-0","disk_encryption_key_raw":"","disk_encryption_key_rsa":"","disk_encryption_key_sha256":"","disk_encryption_service_account":"","force_attach":false,"guest_os_features":["UEFI_COMPATIBLE","VIRTIO_SCSI_MULTIQUEUE","GVNIC"],"initialize_params":[{"architecture":"X86_64","enable_confidential_compute":false,"image":"https://www.googleapis.com/compute/v1/projects/debian-cloud/global/images/debian-11-bullseye-v20250915","labels":{},"provisioned_iops":0,"provisioned_throughput":0,"resource_manager_tags":{},"resource_policies":[],"size":10,"snapshot":"","source_image_encryption_key":[],"source_snapshot_encryption_key":[],"storage_pool":"","type":"pd-standard"}],"interface":"","kms_key_self_link":"","mode":"READ_WRITE","source":"https://www.googleapis.com/compute/v1/projects/rolder-474107/zones/europe-north1-a/disks/helsinki"}],"can_ip_forward":false,"confidential_instance_config":[],"cpu_platform":"Intel Skylake","creation_timestamp":"2025-10-04T05:42:33.108-07:00","current_status":"RUNNING","deletion_protection":false,"description":"","desired_status":null,"effective_labels":{"goog-terraform-provisioned":"true"},"enable_display":false,"guest_accelerator":[],"hostname":"","id":"projects/rolder-474107/zones/europe-north1-a/instances/helsinki","instance_encryption_key":[],"instance_id":"4748111766402934999","key_revocation_action_type":"","label_fingerprint":"vezUS-42LLM=","labels":{},"machine_type":"f1-micro","metadata":{"enable-oslogin":"true"},"metadata_fingerprint":"XQ20Ft8fHXU=","metadata_startup_script":null,"min_cpu_platform":"","name":"helsinki","network_interface":[{"access_config":[{"nat_ip":"34.88.241.59","network_tier":"PREMIUM","public_ptr_domain_name":""}],"alias_ip_range":[],"internal_ipv6_prefix_length":0,"ipv6_access_config":[],"ipv6_access_type":"","ipv6_address":"","name":"nic0","network":"https://www.googleapis.com/compute/v1/projects/rolder-474107/global/networks/default","network_attachment":"","network_ip":"10.166.0.3","nic_type":"","queue_count":0,"stack_type":"IPV4_ONLY","subnetwork":"https://www.googleapis.com/compute/v1/projects/rolder-474107/regions/europe-north1/subnetworks/default","subnetwork_project":"rolder-474107"}],"network_performance_config":[],"params":[],"project":"rolder-474107","reservation_affinity":[],"resource_policies":[],"scheduling":[{"automatic_restart":true,"availability_domain":0,"instance_termination_action":"","local_ssd_recovery_timeout":[],"max_run_duration":[],"min_node_cpus":0,"node_affinities":[],"on_host_maintenance":"MIGRATE","on_instance_stop_action":[],"preemptible":false,"provisioning_model":"STANDARD","termination_time":""}],"scratch_disk":[],"self_link":"https://www.googleapis.com/compute/v1/projects/rolder-474107/zones/europe-north1-a/instances/helsinki","service_account":[],"shielded_instance_config":[{"enable_integrity_monitoring":true,"enable_secure_boot":false,"enable_vtpm":true}],"tags":[],"tags_fingerprint":"42WmSpB8rSM=","terraform_labels":{"goog-terraform-provisioned":"true"},"timeouts":null,"zone":"europe-north1-a"},"sensitive_attributes":[[{"type":"get_attr","value":"boot_disk"},{"type":"index","value":{"value":0,"type":"number"}},{"type":"get_attr","value":"disk_encryption_key_raw"}],[{"type":"get_attr","value":"boot_disk"},{"type":"index","value":{"value":0,"type":"number"}},{"type":"get_attr","value":"disk_encryption_key_rsa"}]],"private":"eyJlMmJmYjczMC1lY2FhLTExZTYtOGY4OC0zNDM2M2JjN2M0YzAiOnsiY3JlYXRlIjoxMjAwMDAwMDAwMDAwLCJkZWxldGUiOjEyMDAwMDAwMDAwMDAsInVwZGF0ZSI6MTIwMDAwMDAwMDAwMH0sInNjaGVtYV92ZXJzaW9uIjoiNiJ9"}]},{"mode":"managed","type":"google_compute_instance","name":"helsinkiStandard","provider":"provider[\"registry.opentofu.org/hashicorp/google\"]","instances":[{"schema_version":6,"attributes":{"advanced_machine_features":[],"allow_stopping_for_update":true,"attached_disk":[],"boot_disk":[{"auto_delete":true,"device_name":"persistent-disk-0","disk_encryption_key_raw":"","disk_encryption_key_rsa":"","disk_encryption_key_sha256":"","disk_encryption_service_account":"","force_attach":false,"guest_os_features":["UEFI_COMPATIBLE","VIRTIO_SCSI_MULTIQUEUE","GVNIC","SEV_CAPABLE","SEV_LIVE_MIGRATABLE_V2"],"initialize_params":[{"architecture":"X86_64","enable_confidential_compute":false,"image":"https://www.googleapis.com/compute/v1/projects/debian-cloud/global/images/debian-12-bookworm-v20260210","labels":{},"provisioned_iops":0,"provisioned_throughput":0,"resource_manager_tags":{},"resource_policies":[],"size":10,"snapshot":"","source_image_encryption_key":[],"source_snapshot_encryption_key":[],"storage_pool":"","type":"pd-standard"}],"interface":"","kms_key_self_link":"","mode":"READ_WRITE","source":"https://www.googleapis.com/compute/v1/projects/rolder-474107/zones/europe-north1-b/disks/helsinki-standard"}],"can_ip_forward":false,"confidential_instance_config":[],"cpu_platform":"AMD Rome","creation_timestamp":"2026-03-05T01:25:40.405-08:00","current_status":"RUNNING","deletion_protection":false,"description":"","desired_status":null,"effective_labels":{"goog-terraform-provisioned":"true"},"enable_display":false,"guest_accelerator":[],"hostname":"","id":"projects/rolder-474107/zones/europe-north1-b/instances/helsinki-standard","instance_encryption_key":[],"instance_id":"8331239180005077755","key_revocation_action_type":"","label_fingerprint":"vezUS-42LLM=","labels":{},"machine_type":"e2-micro","metadata":{"enable-oslogin":"true"},"metadata_fingerprint":"XQ20Ft8fHXU=","metadata_startup_script":null,"min_cpu_platform":"","name":"helsinki-standard","network_interface":[{"access_config":[{"nat_ip":"35.217.5.152","network_tier":"STANDARD","public_ptr_domain_name":""}],"alias_ip_range":[],"internal_ipv6_prefix_length":0,"ipv6_access_config":[],"ipv6_access_type":"","ipv6_address":"","name":"nic0","network":"https://www.googleapis.com/compute/v1/projects/rolder-474107/global/networks/default","network_attachment":"","network_ip":"10.166.0.5","nic_type":"","queue_count":0,"stack_type":"IPV4_ONLY","subnetwork":"https://www.googleapis.com/compute/v1/projects/rolder-474107/regions/europe-north1/subnetworks/default","subnetwork_project":"rolder-474107"}],"network_performance_config":[],"params":[],"project":"rolder-474107","reservation_affinity":[],"resource_policies":[],"scheduling":[{"automatic_restart":true,"availability_domain":0,"instance_termination_action":"","local_ssd_recovery_timeout":[],"max_run_duration":[],"min_node_cpus":0,"node_affinities":[],"on_host_maintenance":"MIGRATE","on_instance_stop_action":[],"preemptible":false,"provisioning_model":"STANDARD","termination_time":""}],"scratch_disk":[],"self_link":"https://www.googleapis.com/compute/v1/projects/rolder-474107/zones/europe-north1-b/instances/helsinki-standard","service_account":[],"shielded_instance_config":[{"enable_integrity_monitoring":true,"enable_secure_boot":false,"enable_vtpm":true}],"tags":[],"tags_fingerprint":"42WmSpB8rSM=","terraform_labels":{"goog-terraform-provisioned":"true"},"timeouts":null,"zone":"europe-north1-b"},"sensitive_attributes":[[{"type":"get_attr","value":"boot_disk"},{"type":"index","value":{"value":0,"type":"number"}},{"type":"get_attr","value":"disk_encryption_key_raw"}],[{"type":"get_attr","value":"boot_disk"},{"type":"index","value":{"value":0,"type":"number"}},{"type":"get_attr","value":"disk_encryption_key_rsa"}]],"private":"eyJlMmJmYjczMC1lY2FhLTExZTYtOGY4OC0zNDM2M2JjN2M0YzAiOnsiY3JlYXRlIjoxMjAwMDAwMDAwMDAwLCJkZWxldGUiOjEyMDAwMDAwMDAwMDAsInVwZGF0ZSI6MTIwMDAwMDAwMDAwMH0sInNjaGVtYV92ZXJzaW9uIjoiNiJ9"}]},{"mode":"managed","type":"google_compute_instance","name":"remnapanel","provider":"provider[\"registry.opentofu.org/hashicorp/google\"]","instances":[{"schema_version":6,"attributes":{"advanced_machine_features":[],"allow_stopping_for_update":true,"attached_disk":[],"boot_disk":[{"auto_delete":true,"device_name":"persistent-disk-0","disk_encryption_key_raw":"","disk_encryption_key_rsa":"","disk_encryption_key_sha256":"","disk_encryption_service_account":"","force_attach":false,"guest_os_features":["UEFI_COMPATIBLE","VIRTIO_SCSI_MULTIQUEUE","GVNIC","SEV_CAPABLE","SEV_LIVE_MIGRATABLE_V2"],"initialize_params":[{"architecture":"X86_64","enable_confidential_compute":false,"image":"https://www.googleapis.com/compute/v1/projects/debian-cloud/global/images/debian-12-bookworm-v20251209","labels":{},"provisioned_iops":0,"provisioned_throughput":0,"resource_manager_tags":{},"resource_policies":[],"size":20,"snapshot":"","source_image_encryption_key":[],"source_snapshot_encryption_key":[],"storage_pool":"","type":"pd-standard"}],"interface":"","kms_key_self_link":"","mode":"READ_WRITE","source":"https://www.googleapis.com/compute/v1/projects/rolder-474107/zones/europe-north2-c/disks/remnapanel"}],"can_ip_forward":false,"confidential_instance_config":[],"cpu_platform":"AMD Rome","creation_timestamp":"2026-01-12T10:41:45.917-08:00","current_status":"RUNNING","deletion_protection":false,"description":"","desired_status":null,"effective_labels":{"goog-terraform-provisioned":"true"},"enable_display":false,"guest_accelerator":[],"hostname":"","id":"projects/rolder-474107/zones/europe-north2-c/instances/remnapanel","instance_encryption_key":[],"instance_id":"7404085663572229766","key_revocation_action_type":"","label_fingerprint":"vezUS-42LLM=","labels":{},"machine_type":"e2-small","metadata":{"enable-oslogin":"true"},"metadata_fingerprint":"XQ20Ft8fHXU=","metadata_startup_script":null,"min_cpu_platform":"","name":"remnapanel","network_interface":[{"access_config":[{"nat_ip":"34.2.52.207","network_tier":"STANDARD","public_ptr_domain_name":""}],"alias_ip_range":[],"internal_ipv6_prefix_length":0,"ipv6_access_config":[],"ipv6_access_type":"","ipv6_address":"","name":"nic0","network":"https://www.googleapis.com/compute/v1/projects/rolder-474107/global/networks/default","network_attachment":"","network_ip":"10.226.0.9","nic_type":"","queue_count":0,"stack_type":"IPV4_ONLY","subnetwork":"https://www.googleapis.com/compute/v1/projects/rolder-474107/regions/europe-north2/subnetworks/default","subnetwork_project":"rolder-474107"}],"network_performance_config":[],"params":[],"project":"rolder-474107","reservation_affinity":[],"resource_policies":[],"scheduling":[{"automatic_restart":true,"availability_domain":0,"instance_termination_action":"","local_ssd_recovery_timeout":[],"max_run_duration":[],"min_node_cpus":0,"node_affinities":[],"on_host_maintenance":"MIGRATE","on_instance_stop_action":[],"preemptible":false,"provisioning_model":"STANDARD","termination_time":""}],"scratch_disk":[],"self_link":"https://www.googleapis.com/compute/v1/projects/rolder-474107/zones/europe-north2-c/instances/remnapanel","service_account":[],"shielded_instance_config":[{"enable_integrity_monitoring":true,"enable_secure_boot":false,"enable_vtpm":true}],"tags":[],"tags_fingerprint":"42WmSpB8rSM=","terraform_labels":{"goog-terraform-provisioned":"true"},"timeouts":null,"zone":"europe-north2-c"},"sensitive_attributes":[[{"type":"get_attr","value":"boot_disk"},{"type":"index","value":{"value":0,"type":"number"}},{"type":"get_attr","value":"disk_encryption_key_raw"}],[{"type":"get_attr","value":"boot_disk"},{"type":"index","value":{"value":0,"type":"number"}},{"type":"get_attr","value":"disk_encryption_key_rsa"}]],"private":"eyJlMmJmYjczMC1lY2FhLTExZTYtOGY4OC0zNDM2M2JjN2M0YzAiOnsiY3JlYXRlIjoxMjAwMDAwMDAwMDAwLCJkZWxldGUiOjEyMDAwMDAwMDAwMDAsInVwZGF0ZSI6MTIwMDAwMDAwMDAwMH0sInNjaGVtYV92ZXJzaW9uIjoiNiJ9"}]},{"mode":"managed","type":"google_compute_instance","name":"sibeerskaya","provider":"provider[\"registry.opentofu.org/hashicorp/google\"]","instances":[{"schema_version":6,"attributes":{"advanced_machine_features":[],"allow_stopping_for_update":true,"attached_disk":[],"boot_disk":[{"auto_delete":true,"device_name":"persistent-disk-0","disk_encryption_key_raw":"","disk_encryption_key_rsa":"","disk_encryption_key_sha256":"","disk_encryption_service_account":"","force_attach":false,"guest_os_features":["UEFI_COMPATIBLE","VIRTIO_SCSI_MULTIQUEUE","GVNIC","SEV_CAPABLE","SEV_SNP_CAPABLE","SEV_LIVE_MIGRATABLE_V2","IDPF"],"initialize_params":[{"architecture":"X86_64","enable_confidential_compute":false,"image":"https://www.googleapis.com/compute/v1/projects/debian-cloud/global/images/debian-13-trixie-v20260114","labels":{},"provisioned_iops":0,"provisioned_throughput":0,"resource_manager_tags":{},"resource_policies":[],"size":10,"snapshot":"","source_image_encryption_key":[],"source_snapshot_encryption_key":[],"storage_pool":"","type":"pd-standard"}],"interface":"","kms_key_self_link":"","mode":"READ_WRITE","source":"https://www.googleapis.com/compute/v1/projects/rolder-474107/zones/europe-north1-a/disks/sibeerskaya"}],"can_ip_forward":false,"confidential_instance_config":[],"cpu_platform":"Intel Broadwell","creation_timestamp":"2026-02-08T01:31:42.191-08:00","current_status":"RUNNING","deletion_protection":false,"description":"","desired_status":null,"effective_labels":{"goog-terraform-provisioned":"true"},"enable_display":false,"guest_accelerator":[],"hostname":"","id":"projects/rolder-474107/zones/europe-north1-a/instances/sibeerskaya","instance_encryption_key":[],"instance_id":"7937455975351838994","key_revocation_action_type":"","label_fingerprint":"vezUS-42LLM=","labels":{},"machine_type":"e2-standard-2","metadata":{"enable-oslogin":"true"},"metadata_fingerprint":"XQ20Ft8fHXU=","metadata_startup_script":null,"min_cpu_platform":"","name":"sibeerskaya","network_interface":[{"access_config":[{"nat_ip":"35.217.45.57","network_tier":"STANDARD","public_ptr_domain_name":""}],"alias_ip_range":[],"internal_ipv6_prefix_length":0,"ipv6_access_config":[],"ipv6_access_type":"","ipv6_address":"","name":"nic0","network":"https://www.googleapis.com/compute/v1/projects/rolder-474107/global/networks/default","network_attachment":"","network_ip":"10.166.0.4","nic_type":"","queue_count":0,"stack_type":"IPV4_ONLY","subnetwork":"https://www.googleapis.com/compute/v1/projects/rolder-474107/regions/europe-north1/subnetworks/default","subnetwork_project":"rolder-474107"}],"network_performance_config":[],"params":[],"project":"rolder-474107","reservation_affinity":[],"resource_policies":[],"scheduling":[{"automatic_restart":true,"availability_domain":0,"instance_termination_action":"","local_ssd_recovery_timeout":[],"max_run_duration":[],"min_node_cpus":0,"node_affinities":[],"on_host_maintenance":"MIGRATE","on_instance_stop_action":[],"preemptible":false,"provisioning_model":"STANDARD","termination_time":""}],"scratch_disk":[],"self_link":"https://www.googleapis.com/compute/v1/projects/rolder-474107/zones/europe-north1-a/instances/sibeerskaya","service_account":[],"shielded_instance_config":[{"enable_integrity_monitoring":true,"enable_secure_boot":false,"enable_vtpm":true}],"tags":[],"tags_fingerprint":"42WmSpB8rSM=","terraform_labels":{"goog-terraform-provisioned":"true"},"timeouts":null,"zone":"europe-north1-a"},"sensitive_attributes":[[{"type":"get_attr","value":"boot_disk"},{"type":"index","value":{"value":0,"type":"number"}},{"type":"get_attr","value":"disk_encryption_key_raw"}],[{"type":"get_attr","value":"boot_disk"},{"type":"index","value":{"value":0,"type":"number"}},{"type":"get_attr","value":"disk_encryption_key_rsa"}]],"private":"eyJlMmJmYjczMC1lY2FhLTExZTYtOGY4OC0zNDM2M2JjN2M0YzAiOnsiY3JlYXRlIjoxMjAwMDAwMDAwMDAwLCJkZWxldGUiOjEyMDAwMDAwMDAwMDAsInVwZGF0ZSI6MTIwMDAwMDAwMDAwMH0sInNjaGVtYV92ZXJzaW9uIjoiNiJ9"}]},{"mode":"managed","type":"google_compute_project_default_network_tier","name":"project-tier","provider":"provider[\"registry.opentofu.org/hashicorp/google\"]","instances":[{"schema_version":0,"attributes":{"id":"rolder-474107","network_tier":"STANDARD","project":"rolder-474107","timeouts":null},"sensitive_attributes":[],"private":"eyJlMmJmYjczMC1lY2FhLTExZTYtOGY4OC0zNDM2M2JjN2M0YzAiOnsiY3JlYXRlIjoyNDAwMDAwMDAwMDB9fQ=="}]},{"mode":"managed","type":"google_os_login_ssh_public_key","name":"default","provider":"provider[\"registry.opentofu.org/hashicorp/google\"]","instances":[{"schema_version":0,"attributes":{"expiration_time_usec":"","fingerprint":"72339c4f72b99fcaf7bf56933a9f27da9526f5daa922d3f5ef31bdae73686062","id":"users/roldernet@gmail.com/sshPublicKeys/72339c4f72b99fcaf7bf56933a9f27da9526f5daa922d3f5ef31bdae73686062","key":"ssh-rsa AAAAB3NzaC1yc2EAAAADAQABAAABgQDGiqtKA7OrwjvXrF6MdVgIIaxv1JyHybilCsLqNDwaIDMa5r5SUrt6T3efWEIaJj70cIVJwPbgBagGQaWoeg+JkFgndMG2oC1QH5S+GENxThuHB/ON3b+aXtO/BMJDIYHg+AkgV+uSdHrg9F/BDPSTY5he8bwbLAoGWcBTzWxCi4fRisjEBJJPnOAy4SzjbEOdfroLAHPw+XKt16r+c4nAE5zcgPH0eu1sW/52r2pkgiRREXct3c68Gy/uxE7vDhjwn37AidzJ33j4kmStjcUYOCRN9LcG0aOm3kDFx8rVvic0cxeHuYNUZpGyiA3sctQhgw/a74OJtprYvWPAxKqbyK5K6Cq4Hd/vd9ig6e6fWlyqG1kWUvnhEg90KpLxuTaakQaPPqoLKz2TY9gbdB8dHXJF2cKLkqjqPowylgAn5p5KJPaArblYnkoayBDkWxnQnvRA2I4WqRP1/5jY+qjAe9AVT4C+SfGaPf3QOHTrlJUqws+yw9mRPPhk5v7rdTM= roldernet@gmail.com\n","project":"rolder-474107","timeouts":null,"user":"roldernet@gmail.com"},"sensitive_attributes":[],"private":"eyJlMmJmYjczMC1lY2FhLTExZTYtOGY4OC0zNDM2M2JjN2M0YzAiOnsiY3JlYXRlIjoxMjAwMDAwMDAwMDAwLCJkZWxldGUiOjEyMDAwMDAwMDAwMDAsInVwZGF0ZSI6MTIwMDAwMDAwMDAwMH19","dependencies":["data.google_client_openid_userinfo.me"]}]}],"check_results":null}
