{
  "version": 4,
  "terraform_version": "1.12.2",
  "serial": 33,
  "lineage": "25336ba3-471e-434f-98bf-01e930fdf1fd",
  "outputs": {},
  "resources": [
    {
      "mode": "data",
      "type": "google_client_openid_userinfo",
      "name": "me",
      "provider": "provider[\"registry.terraform.io/hashicorp/google\"]",
      "instances": [
        {
          "schema_version": 0,
          "attributes": {
            "email": "admin-decard@rolder.dev",
            "id": "admin-decard@rolder.dev"
          },
          "sensitive_attributes": [],
          "identity_schema_version": 0
        }
      ]
    },
    {
      "mode": "managed",
      "type": "google_compute_firewall",
      "name": "example",
      "provider": "provider[\"registry.terraform.io/hashicorp/google\"]",
      "instances": [
        {
          "schema_version": 1,
          "attributes": {
            "allow": [
              {
                "ports": [
                  "4444"
                ],
                "protocol": "tcp"
              }
            ],
            "creation_timestamp": "2025-09-05T06:47:51.301-07:00",
            "deny": [],
            "description": "",
            "destination_ranges": [],
            "direction": "INGRESS",
            "disabled": false,
            "enable_logging": null,
            "id": "projects/rolder-471208/global/firewalls/stockholm",
            "log_config": [],
            "name": "stockholm",
            "network": "https://www.googleapis.com/compute/v1/projects/rolder-471208/global/networks/default",
            "params": [],
            "priority": 1000,
            "project": "rolder-471208",
            "self_link": "https://www.googleapis.com/compute/v1/projects/rolder-471208/global/firewalls/stockholm",
            "source_ranges": [
              "0.0.0.0/0"
            ],
            "source_service_accounts": [],
            "source_tags": [],
            "target_service_accounts": [],
            "target_tags": [],
            "timeouts": null
          },
          "sensitive_attributes": [],
          "identity_schema_version": 0,
          "private": "eyJlMmJmYjczMC1lY2FhLTExZTYtOGY4OC0zNDM2M2JjN2M0YzAiOnsiY3JlYXRlIjoxMjAwMDAwMDAwMDAwLCJkZWxldGUiOjEyMDAwMDAwMDAwMDAsInVwZGF0ZSI6MTIwMDAwMDAwMDAwMH0sInNjaGVtYV92ZXJzaW9uIjoiMSJ9"
        }
      ]
    },
    {
      "mode": "managed",
      "type": "google_compute_instance",
      "name": "spot_vm_instance",
      "provider": "provider[\"registry.terraform.io/hashicorp/google\"]",
      "instances": [
        {
          "schema_version": 6,
          "attributes": {
            "advanced_machine_features": [],
            "allow_stopping_for_update": null,
            "attached_disk": [],
            "boot_disk": [
              {
                "auto_delete": true,
                "device_name": "persistent-disk-0",
                "disk_encryption_key_raw": "",
                "disk_encryption_key_rsa": "",
                "disk_encryption_key_sha256": "",
                "disk_encryption_service_account": "",
                "force_attach": false,
                "guest_os_features": [
                  "UEFI_COMPATIBLE",
                  "VIRTIO_SCSI_MULTIQUEUE",
                  "GVNIC"
                ],
                "initialize_params": [
                  {
                    "architecture": "X86_64",
                    "enable_confidential_compute": false,
                    "image": "https://www.googleapis.com/compute/v1/projects/debian-cloud/global/images/debian-11-bullseye-v20250812",
                    "labels": {},
                    "provisioned_iops": 0,
                    "provisioned_throughput": 0,
                    "resource_manager_tags": null,
                    "resource_policies": [],
                    "size": 10,
                    "snapshot": "",
                    "source_image_encryption_key": [],
                    "source_snapshot_encryption_key": [],
                    "storage_pool": "",
                    "type": "pd-standard"
                  }
                ],
                "interface": "",
                "kms_key_self_link": "",
                "mode": "READ_WRITE",
                "source": "https://www.googleapis.com/compute/v1/projects/rolder-471208/zones/europe-north2-b/disks/stockholm"
              }
            ],
            "can_ip_forward": false,
            "confidential_instance_config": [],
            "cpu_platform": "AMD Rome",
            "creation_timestamp": "2025-09-05T07:27:05.827-07:00",
            "current_status": "RUNNING",
            "deletion_protection": false,
            "description": "",
            "desired_status": null,
            "effective_labels": {
              "goog-terraform-provisioned": "true"
            },
            "enable_display": false,
            "guest_accelerator": [],
            "hostname": "",
            "id": "projects/rolder-471208/zones/europe-north2-b/instances/stockholm",
            "instance_encryption_key": [],
            "instance_id": "941182102460124630",
            "key_revocation_action_type": "",
            "label_fingerprint": "vezUS-42LLM=",
            "labels": null,
            "machine_type": "e2-highcpu-4",
            "metadata": {
              "enable-oslogin": "true"
            },
            "metadata_fingerprint": "vHuciAjFIfc=",
            "metadata_startup_script": null,
            "min_cpu_platform": "",
            "name": "stockholm",
            "network_interface": [
              {
                "access_config": [
                  {
                    "nat_ip": "34.51.201.66",
                    "network_tier": "PREMIUM",
                    "public_ptr_domain_name": ""
                  }
                ],
                "alias_ip_range": [],
                "internal_ipv6_prefix_length": 0,
                "ipv6_access_config": [],
                "ipv6_access_type": "",
                "ipv6_address": "",
                "name": "nic0",
                "network": "https://www.googleapis.com/compute/v1/projects/rolder-471208/global/networks/default",
                "network_attachment": "",
                "network_ip": "10.226.0.9",
                "nic_type": "",
                "queue_count": 0,
                "stack_type": "IPV4_ONLY",
                "subnetwork": "https://www.googleapis.com/compute/v1/projects/rolder-471208/regions/europe-north2/subnetworks/default",
                "subnetwork_project": "rolder-471208"
              }
            ],
            "network_performance_config": [],
            "params": [],
            "project": "rolder-471208",
            "reservation_affinity": [],
            "resource_policies": null,
            "scheduling": [
              {
                "automatic_restart": false,
                "availability_domain": 0,
                "instance_termination_action": "STOP",
                "local_ssd_recovery_timeout": [],
                "max_run_duration": [],
                "min_node_cpus": 0,
                "node_affinities": [],
                "on_host_maintenance": "TERMINATE",
                "on_instance_stop_action": [],
                "preemptible": true,
                "provisioning_model": "SPOT",
                "termination_time": ""
              }
            ],
            "scratch_disk": [],
            "self_link": "https://www.googleapis.com/compute/v1/projects/rolder-471208/zones/europe-north2-b/instances/stockholm",
            "service_account": [],
            "shielded_instance_config": [
              {
                "enable_integrity_monitoring": true,
                "enable_secure_boot": false,
                "enable_vtpm": true
              }
            ],
            "tags": null,
            "tags_fingerprint": "42WmSpB8rSM=",
            "terraform_labels": {
              "goog-terraform-provisioned": "true"
            },
            "timeouts": null,
            "zone": "europe-north2-b"
          },
          "sensitive_attributes": [
            [
              {
                "type": "get_attr",
                "value": "boot_disk"
              },
              {
                "type": "index",
                "value": {
                  "value": 0,
                  "type": "number"
                }
              },
              {
                "type": "get_attr",
                "value": "disk_encryption_key_raw"
              }
            ],
            [
              {
                "type": "get_attr",
                "value": "boot_disk"
              },
              {
                "type": "index",
                "value": {
                  "value": 0,
                  "type": "number"
                }
              },
              {
                "type": "get_attr",
                "value": "disk_encryption_key_rsa"
              }
            ]
          ],
          "identity_schema_version": 0,
          "private": "eyJlMmJmYjczMC1lY2FhLTExZTYtOGY4OC0zNDM2M2JjN2M0YzAiOnsiY3JlYXRlIjoxMjAwMDAwMDAwMDAwLCJkZWxldGUiOjEyMDAwMDAwMDAwMDAsInVwZGF0ZSI6MTIwMDAwMDAwMDAwMH0sInNjaGVtYV92ZXJzaW9uIjoiNiJ9"
        }
      ]
    },
    {
      "mode": "managed",
      "type": "google_os_login_ssh_public_key",
      "name": "default",
      "provider": "provider[\"registry.terraform.io/hashicorp/google\"]",
      "instances": [
        {
          "schema_version": 0,
          "attributes": {
            "expiration_time_usec": "",
            "fingerprint": "2cc0f7bfc7d4d10e6a5cfab090453e8d229cf5904cdcd3b4ecc09b9b9dde6c29",
            "id": "users/admin-decard@rolder.dev/sshPublicKeys/2cc0f7bfc7d4d10e6a5cfab090453e8d229cf5904cdcd3b4ecc09b9b9dde6c29",
            "key": "ssh-rsa AAAAB3NzaC1yc2EAAAADAQABAAABgQDsuGJ6ijalQmg/9ocW6LTjAxwlEIGVrH+f/jRBWplLMYD7Ej6jsFO5nhhdTcMQE1RVvlcWWGK7bna9/3njzpg1o8ZXFLgMIXUm/1wZs11b8K3BmVBGjeTWldc+sGTNVwPaMqM3tfkRjD0Y3u77ppKtOA+TBcL+eqbBFxJ+qJEy3GiNG9fE/qBhzO4V6cfs13Z7HAtlxZXa8SP+z6Vs9uy3eQN5Lo6O8xyHqGv82NwYmEhsjwYnVQ8fRrIMyS3SSq/OXsaZHTRBHj3F5Hlg9R6xBNp9CqaPVwn/pzMcIw1Y4FdMD4ZiloOtOWr/Ft4ArH4yFywjdRJzkGC5oWpa6MlOCEV03dmvQ/sopJo/QXtk/jjfClG2u3fQp4uvt/bysaA5FTEZFmDAYIsvo284XQbcDdXRcOAMR1bvrxkX+sBWmUq9911bBpqsI8k2a6fJ/w3OdfsXJpm8UV6VnU0p8GdtofrVsKgqvAcRTV9OVwixOvo1WMKLq2vP09SLnOgkmDs= rolder\n",
            "project": null,
            "timeouts": null,
            "user": "admin-decard@rolder.dev"
          },
          "sensitive_attributes": [],
          "identity_schema_version": 0,
          "private": "eyJlMmJmYjczMC1lY2FhLTExZTYtOGY4OC0zNDM2M2JjN2M0YzAiOnsiY3JlYXRlIjoxMjAwMDAwMDAwMDAwLCJkZWxldGUiOjEyMDAwMDAwMDAwMDAsInVwZGF0ZSI6MTIwMDAwMDAwMDAwMH19",
          "dependencies": [
            "data.google_client_openid_userinfo.me"
          ]
        }
      ]
    }
  ],
  "check_results": null
}
